
Microsoft Visual Studio Solution File, Format Version 12.00
# Visual Studio Version 17
VisualStudioVersion = 17.7.34024.191
MinimumVisualStudioVersion = 10.0.40219.1
Project("{9A19103F-16F7-4668-BE54-9A1E7A4F7556}") = "appCoffeeMachine", "CoffeeMachine\appCoffeeMachine.csproj", "{B2E26086-99BF-4A76-B137-0717783E238E}"
EndProject
Project("{FAE04EC0-301F-11D3-BF4B-00C04F79EFBC}") = "UnitTestAppCoffeeMachine", "UnitTestAppCoffeeMachine\UnitTestAppCoffeeMachine.csproj", "{607ECF8C-5EED-4F0A-BF87-08BE33393D2B}"
EndProject
Global
	GlobalSection(SolutionConfigurationPlatforms) = preSolution
		Debug|Any CPU = Debug|Any CPU
		Release|Any CPU = Release|Any CPU
	EndGlobalSection
	GlobalSection(ProjectConfigurationPlatforms) = postSolution
		{B2E26086-99BF-4A76-B137-0717783E238E}.Debug|Any CPU.ActiveCfg = Debug|Any CPU
		{B2E26086-99BF-4A76-B137-0717783E238E}.Debug|Any CPU.Build.0 = Debug|Any CPU
		{B2E26086-99BF-4A76-B137-0717783E238E}.Release|Any CPU.ActiveCfg = Release|Any CPU
		{B2E26086-99BF-4A76-B137-0717783E238E}.Release|Any CPU.Build.0 = Release|Any CPU
		{607ECF8C-5EED-4F0A-BF87-08BE33393D2B}.Debug|Any CPU.ActiveCfg = Debug|Any CPU
		{607ECF8C-5EED-4F0A-BF87-08BE33393D2B}.Debug|Any CPU.Build.0 = Debug|Any CPU
		{607ECF8C-5EED-4F0A-BF87-08BE33393D2B}.Release|Any CPU.ActiveCfg = Release|Any CPU
		{607ECF8C-5EED-4F0A-BF87-08BE33393D2B}.Release|Any CPU.Build.0 = Release|Any CPU
	EndGlobalSection
	GlobalSection(SolutionProperties) = preSolution
		HideSolutionNode = FALSE
	EndGlobalSection
	GlobalSection(ExtensibilityGlobals) = postSolution
		SolutionGuid = {FB1B4F84-1CBA-49AA-8EDC-AA695EA105CC}
	EndGlobalSection
EndGlobal
